// !$*UTF8*$!
{
	archiveVersion = 1;
	classes = {
	};
	objectVersion = 56;
	objects = {

/* Begin PBXBuildFile section */
		571D38FC2C57A69600CA22E4 /* _GERSApp.swift in Sources */ = {isa = PBXBuildFile; fileRef = 571D38FB2C57A69600CA22E4 /* _GERSApp.swift */; };
		571D39002C57A69800CA22E4 /* Assets.xcassets in Resources */ = {isa = PBXBuildFile; fileRef = 571D38FF2C57A69800CA22E4 /* Assets.xcassets */; };
		571D39032C57A69800CA22E4 /* Preview Assets.xcassets in Resources */ = {isa = PBXBuildFile; fileRef = 571D39022C57A69800CA22E4 /* Preview Assets.xcassets */; };
		571D39102C57A9DB00CA22E4 /* Date+Ext.swift in Sources */ = {isa = PBXBuildFile; fileRef = 571D390F2C57A9DB00CA22E4 /* Date+Ext.swift */; };
		571D39142C57AA6F00CA22E4 /* TimeIntent.swift in Sources */ = {isa = PBXBuildFile; fileRef = 571D39132C57AA6F00CA22E4 /* TimeIntent.swift */; };
		571D39162C57AA8300CA22E4 /* CustomShortcuts.swift in Sources */ = {isa = PBXBuildFile; fileRef = 571D39152C57AA8300CA22E4 /* CustomShortcuts.swift */; };
		571D39192C57AAAA00CA22E4 /* NotificationManager.swift in Sources */ = {isa = PBXBuildFile; fileRef = 571D39182C57AAAA00CA22E4 /* NotificationManager.swift */; };
		571D391B2C57AAB000CA22E4 /* LiveActivityManager.swift in Sources */ = {isa = PBXBuildFile; fileRef = 571D391A2C57AAB000CA22E4 /* LiveActivityManager.swift */; };
		571D391E2C57AAD000CA22E4 /* Outing.swift in Sources */ = {isa = PBXBuildFile; fileRef = 571D391D2C57AAD000CA22E4 /* Outing.swift */; };
		577773362C57ADE0002D7370 /* WidgetKit.framework in Frameworks */ = {isa = PBXBuildFile; fileRef = 577773352C57ADE0002D7370 /* WidgetKit.framework */; };
		577773382C57ADE0002D7370 /* SwiftUI.framework in Frameworks */ = {isa = PBXBuildFile; fileRef = 577773372C57ADE0002D7370 /* SwiftUI.framework */; };
		5777733B2C57ADE0002D7370 /* LiveActivityWidgetBundle.swift in Sources */ = {isa = PBXBuildFile; fileRef = 5777733A2C57ADE0002D7370 /* LiveActivityWidgetBundle.swift */; };
		5777733D2C57ADE0002D7370 /* LiveActivityWidgetLiveActivity.swift in Sources */ = {isa = PBXBuildFile; fileRef = 5777733C2C57ADE0002D7370 /* LiveActivityWidgetLiveActivity.swift */; };
		577773412C57ADE1002D7370 /* Assets.xcassets in Resources */ = {isa = PBXBuildFile; fileRef = 577773402C57ADE1002D7370 /* Assets.xcassets */; };
		577773452C57ADE1002D7370 /* LiveActivityWidgetExtension.appex in Embed Foundation Extensions */ = {isa = PBXBuildFile; fileRef = 577773332C57ADE0002D7370 /* LiveActivityWidgetExtension.appex */; settings = {ATTRIBUTES = (RemoveHeadersOnCopy, ); }; };
		5777734A2C57B4B7002D7370 /* LiveActivityWidgetLiveActivity.swift in Sources */ = {isa = PBXBuildFile; fileRef = 5777733C2C57ADE0002D7370 /* LiveActivityWidgetLiveActivity.swift */; };
		5777734C2C57C0C1002D7370 /* AppDelegate.swift in Sources */ = {isa = PBXBuildFile; fileRef = 5777734B2C57C0C1002D7370 /* AppDelegate.swift */; };
		577773502C57D8EC002D7370 /* DateComponents+Ext.swift in Sources */ = {isa = PBXBuildFile; fileRef = 5777734F2C57D8EC002D7370 /* DateComponents+Ext.swift */; };
		577773522C5878F5002D7370 /* UserDefaultsManager.swift in Sources */ = {isa = PBXBuildFile; fileRef = 577773512C5878F5002D7370 /* UserDefaultsManager.swift */; };
		577773542C587BB6002D7370 /* ProductsIntent.swift in Sources */ = {isa = PBXBuildFile; fileRef = 577773532C587BB6002D7370 /* ProductsIntent.swift */; };
		577773562C587F95002D7370 /* Outing+SwiftData.swift in Sources */ = {isa = PBXBuildFile; fileRef = 577773552C587F95002D7370 /* Outing+SwiftData.swift */; };
		577773582C587FF9002D7370 /* SwiftDataManager.swift in Sources */ = {isa = PBXBuildFile; fileRef = 577773572C587FF9002D7370 /* SwiftDataManager.swift */; };
		5777735C2C58C548002D7370 /* HomeView.swift in Sources */ = {isa = PBXBuildFile; fileRef = 5777735B2C58C548002D7370 /* HomeView.swift */; };
		5777735E2C59103E002D7370 /* SettingView.swift in Sources */ = {isa = PBXBuildFile; fileRef = 5777735D2C59103E002D7370 /* SettingView.swift */; };
		577773602C591044002D7370 /* TimerView.swift in Sources */ = {isa = PBXBuildFile; fileRef = 5777735F2C591044002D7370 /* TimerView.swift */; };
		577773642C591074002D7370 /* HomeViewModel.swift in Sources */ = {isa = PBXBuildFile; fileRef = 577773632C591074002D7370 /* HomeViewModel.swift */; };
		577773662C5926C7002D7370 /* Color.xcassets in Resources */ = {isa = PBXBuildFile; fileRef = 577773652C5926C7002D7370 /* Color.xcassets */; };
		577773712C59272D002D7370 /* Pretendard-ExtraLight.otf in Resources */ = {isa = PBXBuildFile; fileRef = 577773682C59272D002D7370 /* Pretendard-ExtraLight.otf */; };
		577773722C59272D002D7370 /* Pretendard-Thin.otf in Resources */ = {isa = PBXBuildFile; fileRef = 577773692C59272D002D7370 /* Pretendard-Thin.otf */; };
		577773732C59272D002D7370 /* Pretendard-Light.otf in Resources */ = {isa = PBXBuildFile; fileRef = 5777736A2C59272D002D7370 /* Pretendard-Light.otf */; };
		577773742C59272D002D7370 /* Pretendard-Bold.otf in Resources */ = {isa = PBXBuildFile; fileRef = 5777736B2C59272D002D7370 /* Pretendard-Bold.otf */; };
		577773752C59272D002D7370 /* Pretendard-ExtraBold.otf in Resources */ = {isa = PBXBuildFile; fileRef = 5777736C2C59272D002D7370 /* Pretendard-ExtraBold.otf */; };
		577773762C59272D002D7370 /* Pretendard-Black.otf in Resources */ = {isa = PBXBuildFile; fileRef = 5777736D2C59272D002D7370 /* Pretendard-Black.otf */; };
		577773772C59272D002D7370 /* Pretendard-SemiBold.otf in Resources */ = {isa = PBXBuildFile; fileRef = 5777736E2C59272D002D7370 /* Pretendard-SemiBold.otf */; };
		577773782C59272D002D7370 /* Pretendard-Regular.otf in Resources */ = {isa = PBXBuildFile; fileRef = 5777736F2C59272D002D7370 /* Pretendard-Regular.otf */; };
		577773792C59272D002D7370 /* Pretendard-Medium.otf in Resources */ = {isa = PBXBuildFile; fileRef = 577773702C59272D002D7370 /* Pretendard-Medium.otf */; };
		5777737C2C5927E3002D7370 /* Font.swift in Sources */ = {isa = PBXBuildFile; fileRef = 5777737B2C5927E3002D7370 /* Font.swift */; };
		5777737F2C5929B1002D7370 /* Color.swift in Sources */ = {isa = PBXBuildFile; fileRef = 5777737E2C5929B1002D7370 /* Color.swift */; };
		577773832C5A5957002D7370 /* Array+Ext.swift in Sources */ = {isa = PBXBuildFile; fileRef = 577773822C5A5957002D7370 /* Array+Ext.swift */; };
		577773862C5A6457002D7370 /* UserDefaultsKey.swift in Sources */ = {isa = PBXBuildFile; fileRef = 577773852C5A6457002D7370 /* UserDefaultsKey.swift */; };
		577773882C5A64C5002D7370 /* ProductsEditView.swift in Sources */ = {isa = PBXBuildFile; fileRef = 577773872C5A64C5002D7370 /* ProductsEditView.swift */; };
		5777738C2C5A8128002D7370 /* Color.xcassets in Resources */ = {isa = PBXBuildFile; fileRef = 5777738A2C5A80F5002D7370 /* Color.xcassets */; };
		5777738D2C5A81F4002D7370 /* Array+Ext.swift in Sources */ = {isa = PBXBuildFile; fileRef = 577773822C5A5957002D7370 /* Array+Ext.swift */; };
/* End PBXBuildFile section */

/* Begin PBXContainerItemProxy section */
		577773432C57ADE1002D7370 /* PBXContainerItemProxy */ = {
			isa = PBXContainerItemProxy;
			containerPortal = 571D38F02C57A69600CA22E4 /* Project object */;
			proxyType = 1;
			remoteGlobalIDString = 577773322C57ADE0002D7370;
			remoteInfo = LiveActivityWidgetExtension;
		};
/* End PBXContainerItemProxy section */

/* Begin PBXCopyFilesBuildPhase section */
		577773492C57ADE1002D7370 /* Embed Foundation Extensions */ = {
			isa = PBXCopyFilesBuildPhase;
			buildActionMask = 2147483647;
			dstPath = "";
			dstSubfolderSpec = 13;
			files = (
				577773452C57ADE1002D7370 /* LiveActivityWidgetExtension.appex in Embed Foundation Extensions */,
			);
			name = "Embed Foundation Extensions";
			runOnlyForDeploymentPostprocessing = 0;
		};
/* End PBXCopyFilesBuildPhase section */

/* Begin PBXFileReference section */
		571D38F82C57A69600CA22E4 /* 5GERS.app */ = {isa = PBXFileReference; explicitFileType = wrapper.application; includeInIndex = 0; path = 5GERS.app; sourceTree = BUILT_PRODUCTS_DIR; };
		571D38FB2C57A69600CA22E4 /* _GERSApp.swift */ = {isa = PBXFileReference; lastKnownFileType = sourcecode.swift; path = _GERSApp.swift; sourceTree = "<group>"; };
		571D38FF2C57A69800CA22E4 /* Assets.xcassets */ = {isa = PBXFileReference; lastKnownFileType = folder.assetcatalog; path = Assets.xcassets; sourceTree = "<group>"; };
		571D39022C57A69800CA22E4 /* Preview Assets.xcassets */ = {isa = PBXFileReference; lastKnownFileType = folder.assetcatalog; path = "Preview Assets.xcassets"; sourceTree = "<group>"; };
		571D390F2C57A9DB00CA22E4 /* Date+Ext.swift */ = {isa = PBXFileReference; lastKnownFileType = sourcecode.swift; path = "Date+Ext.swift"; sourceTree = "<group>"; };
		571D39132C57AA6F00CA22E4 /* TimeIntent.swift */ = {isa = PBXFileReference; lastKnownFileType = sourcecode.swift; path = TimeIntent.swift; sourceTree = "<group>"; };
		571D39152C57AA8300CA22E4 /* CustomShortcuts.swift */ = {isa = PBXFileReference; lastKnownFileType = sourcecode.swift; path = CustomShortcuts.swift; sourceTree = "<group>"; };
		571D39182C57AAAA00CA22E4 /* NotificationManager.swift */ = {isa = PBXFileReference; lastKnownFileType = sourcecode.swift; path = NotificationManager.swift; sourceTree = "<group>"; };
		571D391A2C57AAB000CA22E4 /* LiveActivityManager.swift */ = {isa = PBXFileReference; lastKnownFileType = sourcecode.swift; path = LiveActivityManager.swift; sourceTree = "<group>"; };
		571D391D2C57AAD000CA22E4 /* Outing.swift */ = {isa = PBXFileReference; lastKnownFileType = sourcecode.swift; path = Outing.swift; sourceTree = "<group>"; };
		577773332C57ADE0002D7370 /* LiveActivityWidgetExtension.appex */ = {isa = PBXFileReference; explicitFileType = "wrapper.app-extension"; includeInIndex = 0; path = LiveActivityWidgetExtension.appex; sourceTree = BUILT_PRODUCTS_DIR; };
		577773352C57ADE0002D7370 /* WidgetKit.framework */ = {isa = PBXFileReference; lastKnownFileType = wrapper.framework; name = WidgetKit.framework; path = System/Library/Frameworks/WidgetKit.framework; sourceTree = SDKROOT; };
		577773372C57ADE0002D7370 /* SwiftUI.framework */ = {isa = PBXFileReference; lastKnownFileType = wrapper.framework; name = SwiftUI.framework; path = System/Library/Frameworks/SwiftUI.framework; sourceTree = SDKROOT; };
		5777733A2C57ADE0002D7370 /* LiveActivityWidgetBundle.swift */ = {isa = PBXFileReference; lastKnownFileType = sourcecode.swift; path = LiveActivityWidgetBundle.swift; sourceTree = "<group>"; };
		5777733C2C57ADE0002D7370 /* LiveActivityWidgetLiveActivity.swift */ = {isa = PBXFileReference; lastKnownFileType = sourcecode.swift; path = LiveActivityWidgetLiveActivity.swift; sourceTree = "<group>"; };
		577773402C57ADE1002D7370 /* Assets.xcassets */ = {isa = PBXFileReference; lastKnownFileType = folder.assetcatalog; path = Assets.xcassets; sourceTree = "<group>"; };
		577773422C57ADE1002D7370 /* Info.plist */ = {isa = PBXFileReference; lastKnownFileType = text.plist.xml; path = Info.plist; sourceTree = "<group>"; };
		5777734B2C57C0C1002D7370 /* AppDelegate.swift */ = {isa = PBXFileReference; lastKnownFileType = sourcecode.swift; path = AppDelegate.swift; sourceTree = "<group>"; };
		5777734F2C57D8EC002D7370 /* DateComponents+Ext.swift */ = {isa = PBXFileReference; lastKnownFileType = sourcecode.swift; path = "DateComponents+Ext.swift"; sourceTree = "<group>"; };
		577773512C5878F5002D7370 /* UserDefaultsManager.swift */ = {isa = PBXFileReference; lastKnownFileType = sourcecode.swift; path = UserDefaultsManager.swift; sourceTree = "<group>"; };
		577773532C587BB6002D7370 /* ProductsIntent.swift */ = {isa = PBXFileReference; lastKnownFileType = sourcecode.swift; path = ProductsIntent.swift; sourceTree = "<group>"; };
		577773552C587F95002D7370 /* Outing+SwiftData.swift */ = {isa = PBXFileReference; lastKnownFileType = sourcecode.swift; path = "Outing+SwiftData.swift"; sourceTree = "<group>"; };
		577773572C587FF9002D7370 /* SwiftDataManager.swift */ = {isa = PBXFileReference; lastKnownFileType = sourcecode.swift; path = SwiftDataManager.swift; sourceTree = "<group>"; };
		5777735B2C58C548002D7370 /* HomeView.swift */ = {isa = PBXFileReference; lastKnownFileType = sourcecode.swift; path = HomeView.swift; sourceTree = "<group>"; };
		5777735D2C59103E002D7370 /* SettingView.swift */ = {isa = PBXFileReference; lastKnownFileType = sourcecode.swift; path = SettingView.swift; sourceTree = "<group>"; };
		5777735F2C591044002D7370 /* TimerView.swift */ = {isa = PBXFileReference; lastKnownFileType = sourcecode.swift; path = TimerView.swift; sourceTree = "<group>"; };
		577773632C591074002D7370 /* HomeViewModel.swift */ = {isa = PBXFileReference; lastKnownFileType = sourcecode.swift; path = HomeViewModel.swift; sourceTree = "<group>"; };
		577773652C5926C7002D7370 /* Color.xcassets */ = {isa = PBXFileReference; lastKnownFileType = folder.assetcatalog; path = Color.xcassets; sourceTree = "<group>"; };
		577773682C59272D002D7370 /* Pretendard-ExtraLight.otf */ = {isa = PBXFileReference; lastKnownFileType = file; path = "Pretendard-ExtraLight.otf"; sourceTree = "<group>"; };
		577773692C59272D002D7370 /* Pretendard-Thin.otf */ = {isa = PBXFileReference; lastKnownFileType = file; path = "Pretendard-Thin.otf"; sourceTree = "<group>"; };
		5777736A2C59272D002D7370 /* Pretendard-Light.otf */ = {isa = PBXFileReference; lastKnownFileType = file; path = "Pretendard-Light.otf"; sourceTree = "<group>"; };
		5777736B2C59272D002D7370 /* Pretendard-Bold.otf */ = {isa = PBXFileReference; lastKnownFileType = file; path = "Pretendard-Bold.otf"; sourceTree = "<group>"; };
		5777736C2C59272D002D7370 /* Pretendard-ExtraBold.otf */ = {isa = PBXFileReference; lastKnownFileType = file; path = "Pretendard-ExtraBold.otf"; sourceTree = "<group>"; };
		5777736D2C59272D002D7370 /* Pretendard-Black.otf */ = {isa = PBXFileReference; lastKnownFileType = file; path = "Pretendard-Black.otf"; sourceTree = "<group>"; };
		5777736E2C59272D002D7370 /* Pretendard-SemiBold.otf */ = {isa = PBXFileReference; lastKnownFileType = file; path = "Pretendard-SemiBold.otf"; sourceTree = "<group>"; };
		5777736F2C59272D002D7370 /* Pretendard-Regular.otf */ = {isa = PBXFileReference; lastKnownFileType = file; path = "Pretendard-Regular.otf"; sourceTree = "<group>"; };
		577773702C59272D002D7370 /* Pretendard-Medium.otf */ = {isa = PBXFileReference; lastKnownFileType = file; path = "Pretendard-Medium.otf"; sourceTree = "<group>"; };
		5777737A2C59274C002D7370 /* -GERS-Info.plist */ = {isa = PBXFileReference; lastKnownFileType = text.plist.xml; name = "-GERS-Info.plist"; path = "5GERS/App/-GERS-Info.plist"; sourceTree = SOURCE_ROOT; };
		5777737B2C5927E3002D7370 /* Font.swift */ = {isa = PBXFileReference; lastKnownFileType = sourcecode.swift; path = Font.swift; sourceTree = "<group>"; };
		5777737E2C5929B1002D7370 /* Color.swift */ = {isa = PBXFileReference; lastKnownFileType = sourcecode.swift; path = Color.swift; sourceTree = "<group>"; };
		577773822C5A5957002D7370 /* Array+Ext.swift */ = {isa = PBXFileReference; lastKnownFileType = sourcecode.swift; path = "Array+Ext.swift"; sourceTree = "<group>"; };
		577773852C5A6457002D7370 /* UserDefaultsKey.swift */ = {isa = PBXFileReference; lastKnownFileType = sourcecode.swift; path = UserDefaultsKey.swift; sourceTree = "<group>"; };
		577773872C5A64C5002D7370 /* ProductsEditView.swift */ = {isa = PBXFileReference; lastKnownFileType = sourcecode.swift; path = ProductsEditView.swift; sourceTree = "<group>"; };
		5777738A2C5A80F5002D7370 /* Color.xcassets */ = {isa = PBXFileReference; lastKnownFileType = folder.assetcatalog; path = Color.xcassets; sourceTree = "<group>"; };
/* End PBXFileReference section */

/* Begin PBXFrameworksBuildPhase section */
		571D38F52C57A69600CA22E4 /* Frameworks */ = {
			isa = PBXFrameworksBuildPhase;
			buildActionMask = 2147483647;
			files = (
			);
			runOnlyForDeploymentPostprocessing = 0;
		};
		577773302C57ADE0002D7370 /* Frameworks */ = {
			isa = PBXFrameworksBuildPhase;
			buildActionMask = 2147483647;
			files = (
				577773382C57ADE0002D7370 /* SwiftUI.framework in Frameworks */,
				577773362C57ADE0002D7370 /* WidgetKit.framework in Frameworks */,
			);
			runOnlyForDeploymentPostprocessing = 0;
		};
/* End PBXFrameworksBuildPhase section */

/* Begin PBXGroup section */
		571D38EF2C57A69600CA22E4 = {
			isa = PBXGroup;
			children = (
				571D38FA2C57A69600CA22E4 /* 5GERS */,
				577773392C57ADE0002D7370 /* LiveActivityWidget */,
				577773342C57ADE0002D7370 /* Frameworks */,
				571D38F92C57A69600CA22E4 /* Products */,
			);
			sourceTree = "<group>";
		};
		571D38F92C57A69600CA22E4 /* Products */ = {
			isa = PBXGroup;
			children = (
				571D38F82C57A69600CA22E4 /* 5GERS.app */,
				577773332C57ADE0002D7370 /* LiveActivityWidgetExtension.appex */,
			);
			name = Products;
			sourceTree = "<group>";
		};
		571D38FA2C57A69600CA22E4 /* 5GERS */ = {
			isa = PBXGroup;
			children = (
				571D39092C57A94900CA22E4 /* App */,
				577773842C5A641B002D7370 /* Constant */,
				571D390C2C57A9A400CA22E4 /* Core */,
				571D39172C57AA9900CA22E4 /* Manager */,
				571D391C2C57AABD00CA22E4 /* Model */,
				571D390B2C57A95C00CA22E4 /* Feature */,
				571D390A2C57A95200CA22E4 /* Resource */,
				571D39012C57A69800CA22E4 /* Preview Content */,
			);
			path = 5GERS;
			sourceTree = "<group>";
		};
		571D39012C57A69800CA22E4 /* Preview Content */ = {
			isa = PBXGroup;
			children = (
				571D39022C57A69800CA22E4 /* Preview Assets.xcassets */,
			);
			path = "Preview Content";
			sourceTree = "<group>";
		};
		571D39092C57A94900CA22E4 /* App */ = {
			isa = PBXGroup;
			children = (
				571D38FB2C57A69600CA22E4 /* _GERSApp.swift */,
				5777734B2C57C0C1002D7370 /* AppDelegate.swift */,
				5777737A2C59274C002D7370 /* -GERS-Info.plist */,
			);
			path = App;
			sourceTree = "<group>";
		};
		571D390A2C57A95200CA22E4 /* Resource */ = {
			isa = PBXGroup;
			children = (
				577773672C5926CF002D7370 /* Font */,
				571D38FF2C57A69800CA22E4 /* Assets.xcassets */,
				577773652C5926C7002D7370 /* Color.xcassets */,
			);
			path = Resource;
			sourceTree = "<group>";
		};
		571D390B2C57A95C00CA22E4 /* Feature */ = {
			isa = PBXGroup;
			children = (
				5777735B2C58C548002D7370 /* HomeView.swift */,
				5777735D2C59103E002D7370 /* SettingView.swift */,
				5777735F2C591044002D7370 /* TimerView.swift */,
				577773872C5A64C5002D7370 /* ProductsEditView.swift */,
				577773632C591074002D7370 /* HomeViewModel.swift */,
			);
			path = Feature;
			sourceTree = "<group>";
		};
		571D390C2C57A9A400CA22E4 /* Core */ = {
			isa = PBXGroup;
			children = (
				571D390E2C57A9B200CA22E4 /* AppIntent */,
				571D390D2C57A9AA00CA22E4 /* Extension */,
			);
			path = Core;
			sourceTree = "<group>";
		};
		571D390D2C57A9AA00CA22E4 /* Extension */ = {
			isa = PBXGroup;
			children = (
				571D390F2C57A9DB00CA22E4 /* Date+Ext.swift */,
				5777734F2C57D8EC002D7370 /* DateComponents+Ext.swift */,
				577773822C5A5957002D7370 /* Array+Ext.swift */,
			);
			path = Extension;
			sourceTree = "<group>";
		};
		571D390E2C57A9B200CA22E4 /* AppIntent */ = {
			isa = PBXGroup;
			children = (
				571D39122C57AA3200CA22E4 /* Shortcut */,
				571D39112C57AA2D00CA22E4 /* Intent */,
			);
			path = AppIntent;
			sourceTree = "<group>";
		};
		571D39112C57AA2D00CA22E4 /* Intent */ = {
			isa = PBXGroup;
			children = (
				571D39132C57AA6F00CA22E4 /* TimeIntent.swift */,
				577773532C587BB6002D7370 /* ProductsIntent.swift */,
			);
			path = Intent;
			sourceTree = "<group>";
		};
		571D39122C57AA3200CA22E4 /* Shortcut */ = {
			isa = PBXGroup;
			children = (
				571D39152C57AA8300CA22E4 /* CustomShortcuts.swift */,
			);
			path = Shortcut;
			sourceTree = "<group>";
		};
		571D39172C57AA9900CA22E4 /* Manager */ = {
			isa = PBXGroup;
			children = (
				571D39182C57AAAA00CA22E4 /* NotificationManager.swift */,
				571D391A2C57AAB000CA22E4 /* LiveActivityManager.swift */,
				577773512C5878F5002D7370 /* UserDefaultsManager.swift */,
				577773572C587FF9002D7370 /* SwiftDataManager.swift */,
			);
			path = Manager;
			sourceTree = "<group>";
		};
		571D391C2C57AABD00CA22E4 /* Model */ = {
			isa = PBXGroup;
			children = (
				571D391D2C57AAD000CA22E4 /* Outing.swift */,
				577773552C587F95002D7370 /* Outing+SwiftData.swift */,
			);
			path = Model;
			sourceTree = "<group>";
		};
		577773342C57ADE0002D7370 /* Frameworks */ = {
			isa = PBXGroup;
			children = (
				577773352C57ADE0002D7370 /* WidgetKit.framework */,
				577773372C57ADE0002D7370 /* SwiftUI.framework */,
			);
			name = Frameworks;
			sourceTree = "<group>";
		};
		577773392C57ADE0002D7370 /* LiveActivityWidget */ = {
			isa = PBXGroup;
			children = (
				5777733A2C57ADE0002D7370 /* LiveActivityWidgetBundle.swift */,
				5777733C2C57ADE0002D7370 /* LiveActivityWidgetLiveActivity.swift */,
				577773402C57ADE1002D7370 /* Assets.xcassets */,
				5777738A2C5A80F5002D7370 /* Color.xcassets */,
				577773422C57ADE1002D7370 /* Info.plist */,
			);
			path = LiveActivityWidget;
			sourceTree = "<group>";
		};
		577773672C5926CF002D7370 /* Font */ = {
			isa = PBXGroup;
			children = (
				5777736D2C59272D002D7370 /* Pretendard-Black.otf */,
				5777736B2C59272D002D7370 /* Pretendard-Bold.otf */,
				5777736C2C59272D002D7370 /* Pretendard-ExtraBold.otf */,
				577773682C59272D002D7370 /* Pretendard-ExtraLight.otf */,
				5777736A2C59272D002D7370 /* Pretendard-Light.otf */,
				577773702C59272D002D7370 /* Pretendard-Medium.otf */,
				5777736F2C59272D002D7370 /* Pretendard-Regular.otf */,
				5777736E2C59272D002D7370 /* Pretendard-SemiBold.otf */,
				577773692C59272D002D7370 /* Pretendard-Thin.otf */,
			);
			path = Font;
			sourceTree = "<group>";
		};
		5777737D2C5929A7002D7370 /* DesignConstant */ = {
			isa = PBXGroup;
			children = (
				5777737B2C5927E3002D7370 /* Font.swift */,
				5777737E2C5929B1002D7370 /* Color.swift */,
			);
			path = DesignConstant;
			sourceTree = "<group>";
		};
		577773842C5A641B002D7370 /* Constant */ = {
			isa = PBXGroup;
			children = (
				5777737D2C5929A7002D7370 /* DesignConstant */,
				577773852C5A6457002D7370 /* UserDefaultsKey.swift */,
			);
			path = Constant;
			sourceTree = "<group>";
		};
/* End PBXGroup section */

/* Begin PBXNativeTarget section */
		571D38F72C57A69600CA22E4 /* 5GERS */ = {
			isa = PBXNativeTarget;
			buildConfigurationList = 571D39062C57A69800CA22E4 /* Build configuration list for PBXNativeTarget "5GERS" */;
			buildPhases = (
				571D38F42C57A69600CA22E4 /* Sources */,
				571D38F52C57A69600CA22E4 /* Frameworks */,
				571D38F62C57A69600CA22E4 /* Resources */,
				577773492C57ADE1002D7370 /* Embed Foundation Extensions */,
			);
			buildRules = (
			);
			dependencies = (
				577773442C57ADE1002D7370 /* PBXTargetDependency */,
			);
			name = 5GERS;
			productName = 5GERS;
			productReference = 571D38F82C57A69600CA22E4 /* 5GERS.app */;
			productType = "com.apple.product-type.application";
		};
		577773322C57ADE0002D7370 /* LiveActivityWidgetExtension */ = {
			isa = PBXNativeTarget;
			buildConfigurationList = 577773462C57ADE1002D7370 /* Build configuration list for PBXNativeTarget "LiveActivityWidgetExtension" */;
			buildPhases = (
				5777732F2C57ADE0002D7370 /* Sources */,
				577773302C57ADE0002D7370 /* Frameworks */,
				577773312C57ADE0002D7370 /* Resources */,
			);
			buildRules = (
			);
			dependencies = (
			);
			name = LiveActivityWidgetExtension;
			productName = LiveActivityWidgetExtension;
			productReference = 577773332C57ADE0002D7370 /* LiveActivityWidgetExtension.appex */;
			productType = "com.apple.product-type.app-extension";
		};
/* End PBXNativeTarget section */

/* Begin PBXProject section */
		571D38F02C57A69600CA22E4 /* Project object */ = {
			isa = PBXProject;
			attributes = {
				BuildIndependentTargetsInParallel = 1;
				LastSwiftUpdateCheck = 1540;
				LastUpgradeCheck = 1540;
				TargetAttributes = {
					571D38F72C57A69600CA22E4 = {
						CreatedOnToolsVersion = 15.4;
					};
					577773322C57ADE0002D7370 = {
						CreatedOnToolsVersion = 15.4;
					};
				};
			};
			buildConfigurationList = 571D38F32C57A69600CA22E4 /* Build configuration list for PBXProject "5GERS" */;
			compatibilityVersion = "Xcode 14.0";
			developmentRegion = en;
			hasScannedForEncodings = 0;
			knownRegions = (
				en,
				Base,
			);
			mainGroup = 571D38EF2C57A69600CA22E4;
			productRefGroup = 571D38F92C57A69600CA22E4 /* Products */;
			projectDirPath = "";
			projectRoot = "";
			targets = (
				571D38F72C57A69600CA22E4 /* 5GERS */,
				577773322C57ADE0002D7370 /* LiveActivityWidgetExtension */,
			);
		};
/* End PBXProject section */

/* Begin PBXResourcesBuildPhase section */
		571D38F62C57A69600CA22E4 /* Resources */ = {
			isa = PBXResourcesBuildPhase;
			buildActionMask = 2147483647;
			files = (
				571D39032C57A69800CA22E4 /* Preview Assets.xcassets in Resources */,
				577773722C59272D002D7370 /* Pretendard-Thin.otf in Resources */,
				577773752C59272D002D7370 /* Pretendard-ExtraBold.otf in Resources */,
				577773742C59272D002D7370 /* Pretendard-Bold.otf in Resources */,
				577773762C59272D002D7370 /* Pretendard-Black.otf in Resources */,
				571D39002C57A69800CA22E4 /* Assets.xcassets in Resources */,
				577773712C59272D002D7370 /* Pretendard-ExtraLight.otf in Resources */,
				577773772C59272D002D7370 /* Pretendard-SemiBold.otf in Resources */,
				577773782C59272D002D7370 /* Pretendard-Regular.otf in Resources */,
				577773662C5926C7002D7370 /* Color.xcassets in Resources */,
				577773732C59272D002D7370 /* Pretendard-Light.otf in Resources */,
				577773792C59272D002D7370 /* Pretendard-Medium.otf in Resources */,
			);
			runOnlyForDeploymentPostprocessing = 0;
		};
		577773312C57ADE0002D7370 /* Resources */ = {
			isa = PBXResourcesBuildPhase;
			buildActionMask = 2147483647;
			files = (
				577773412C57ADE1002D7370 /* Assets.xcassets in Resources */,
				5777738C2C5A8128002D7370 /* Color.xcassets in Resources */,
			);
			runOnlyForDeploymentPostprocessing = 0;
		};
/* End PBXResourcesBuildPhase section */

/* Begin PBXSourcesBuildPhase section */
		571D38F42C57A69600CA22E4 /* Sources */ = {
			isa = PBXSourcesBuildPhase;
			buildActionMask = 2147483647;
			files = (
				577773642C591074002D7370 /* HomeViewModel.swift in Sources */,
				577773602C591044002D7370 /* TimerView.swift in Sources */,
				5777737F2C5929B1002D7370 /* Color.swift in Sources */,
				571D39192C57AAAA00CA22E4 /* NotificationManager.swift in Sources */,
				5777734A2C57B4B7002D7370 /* LiveActivityWidgetLiveActivity.swift in Sources */,
				577773862C5A6457002D7370 /* UserDefaultsKey.swift in Sources */,
				577773522C5878F5002D7370 /* UserDefaultsManager.swift in Sources */,
				577773502C57D8EC002D7370 /* DateComponents+Ext.swift in Sources */,
				571D39162C57AA8300CA22E4 /* CustomShortcuts.swift in Sources */,
				577773562C587F95002D7370 /* Outing+SwiftData.swift in Sources */,
				577773582C587FF9002D7370 /* SwiftDataManager.swift in Sources */,
				571D39102C57A9DB00CA22E4 /* Date+Ext.swift in Sources */,
				5777735E2C59103E002D7370 /* SettingView.swift in Sources */,
				5777737C2C5927E3002D7370 /* Font.swift in Sources */,
				571D39142C57AA6F00CA22E4 /* TimeIntent.swift in Sources */,
				571D391B2C57AAB000CA22E4 /* LiveActivityManager.swift in Sources */,
				571D38FC2C57A69600CA22E4 /* _GERSApp.swift in Sources */,
				577773832C5A5957002D7370 /* Array+Ext.swift in Sources */,
				5777734C2C57C0C1002D7370 /* AppDelegate.swift in Sources */,
				5777735C2C58C548002D7370 /* HomeView.swift in Sources */,
				571D391E2C57AAD000CA22E4 /* Outing.swift in Sources */,
				577773882C5A64C5002D7370 /* ProductsEditView.swift in Sources */,
				577773542C587BB6002D7370 /* ProductsIntent.swift in Sources */,
			);
			runOnlyForDeploymentPostprocessing = 0;
		};
		5777732F2C57ADE0002D7370 /* Sources */ = {
			isa = PBXSourcesBuildPhase;
			buildActionMask = 2147483647;
			files = (
				5777738D2C5A81F4002D7370 /* Array+Ext.swift in Sources */,
				5777733B2C57ADE0002D7370 /* LiveActivityWidgetBundle.swift in Sources */,
				5777733D2C57ADE0002D7370 /* LiveActivityWidgetLiveActivity.swift in Sources */,
			);
			runOnlyForDeploymentPostprocessing = 0;
		};
/* End PBXSourcesBuildPhase section */

/* Begin PBXTargetDependency section */
		577773442C57ADE1002D7370 /* PBXTargetDependency */ = {
			isa = PBXTargetDependency;
			target = 577773322C57ADE0002D7370 /* LiveActivityWidgetExtension */;
			targetProxy = 577773432C57ADE1002D7370 /* PBXContainerItemProxy */;
		};
/* End PBXTargetDependency section */

/* Begin XCBuildConfiguration section */
		571D39042C57A69800CA22E4 /* Debug */ = {
			isa = XCBuildConfiguration;
			buildSettings = {
				ALWAYS_SEARCH_USER_PATHS = NO;
				ASSETCATALOG_COMPILER_GENERATE_SWIFT_ASSET_SYMBOL_EXTENSIONS = YES;
				CLANG_ANALYZER_NONNULL = YES;
				CLANG_ANALYZER_NUMBER_OBJECT_CONVERSION = YES_AGGRESSIVE;
				CLANG_CXX_LANGUAGE_STANDARD = "gnu++20";
				CLANG_ENABLE_MODULES = YES;
				CLANG_ENABLE_OBJC_ARC = YES;
				CLANG_ENABLE_OBJC_WEAK = YES;
				CLANG_WARN_BLOCK_CAPTURE_AUTORELEASING = YES;
				CLANG_WARN_BOOL_CONVERSION = YES;
				CLANG_WARN_COMMA = YES;
				CLANG_WARN_CONSTANT_CONVERSION = YES;
				CLANG_WARN_DEPRECATED_OBJC_IMPLEMENTATIONS = YES;
				CLANG_WARN_DIRECT_OBJC_ISA_USAGE = YES_ERROR;
				CLANG_WARN_DOCUMENTATION_COMMENTS = YES;
				CLANG_WARN_EMPTY_BODY = YES;
				CLANG_WARN_ENUM_CONVERSION = YES;
				CLANG_WARN_INFINITE_RECURSION = YES;
				CLANG_WARN_INT_CONVERSION = YES;
				CLANG_WARN_NON_LITERAL_NULL_CONVERSION = YES;
				CLANG_WARN_OBJC_IMPLICIT_RETAIN_SELF = YES;
				CLANG_WARN_OBJC_LITERAL_CONVERSION = YES;
				CLANG_WARN_OBJC_ROOT_CLASS = YES_ERROR;
				CLANG_WARN_QUOTED_INCLUDE_IN_FRAMEWORK_HEADER = YES;
				CLANG_WARN_RANGE_LOOP_ANALYSIS = YES;
				CLANG_WARN_STRICT_PROTOTYPES = YES;
				CLANG_WARN_SUSPICIOUS_MOVE = YES;
				CLANG_WARN_UNGUARDED_AVAILABILITY = YES_AGGRESSIVE;
				CLANG_WARN_UNREACHABLE_CODE = YES;
				CLANG_WARN__DUPLICATE_METHOD_MATCH = YES;
				COPY_PHASE_STRIP = NO;
				DEBUG_INFORMATION_FORMAT = dwarf;
				ENABLE_STRICT_OBJC_MSGSEND = YES;
				ENABLE_TESTABILITY = YES;
				ENABLE_USER_SCRIPT_SANDBOXING = YES;
				GCC_C_LANGUAGE_STANDARD = gnu17;
				GCC_DYNAMIC_NO_PIC = NO;
				GCC_NO_COMMON_BLOCKS = YES;
				GCC_OPTIMIZATION_LEVEL = 0;
				GCC_PREPROCESSOR_DEFINITIONS = (
					"DEBUG=1",
					"$(inherited)",
				);
				GCC_WARN_64_TO_32_BIT_CONVERSION = YES;
				GCC_WARN_ABOUT_RETURN_TYPE = YES_ERROR;
				GCC_WARN_UNDECLARED_SELECTOR = YES;
				GCC_WARN_UNINITIALIZED_AUTOS = YES_AGGRESSIVE;
				GCC_WARN_UNUSED_FUNCTION = YES;
				GCC_WARN_UNUSED_VARIABLE = YES;
				IPHONEOS_DEPLOYMENT_TARGET = 17.5;
				LOCALIZATION_PREFERS_STRING_CATALOGS = YES;
				MTL_ENABLE_DEBUG_INFO = INCLUDE_SOURCE;
				MTL_FAST_MATH = YES;
				ONLY_ACTIVE_ARCH = YES;
				SDKROOT = iphoneos;
				SWIFT_ACTIVE_COMPILATION_CONDITIONS = "DEBUG $(inherited)";
				SWIFT_OPTIMIZATION_LEVEL = "-Onone";
			};
			name = Debug;
		};
		571D39052C57A69800CA22E4 /* Release */ = {
			isa = XCBuildConfiguration;
			buildSettings = {
				ALWAYS_SEARCH_USER_PATHS = NO;
				ASSETCATALOG_COMPILER_GENERATE_SWIFT_ASSET_SYMBOL_EXTENSIONS = YES;
				CLANG_ANALYZER_NONNULL = YES;
				CLANG_ANALYZER_NUMBER_OBJECT_CONVERSION = YES_AGGRESSIVE;
				CLANG_CXX_LANGUAGE_STANDARD = "gnu++20";
				CLANG_ENABLE_MODULES = YES;
				CLANG_ENABLE_OBJC_ARC = YES;
				CLANG_ENABLE_OBJC_WEAK = YES;
				CLANG_WARN_BLOCK_CAPTURE_AUTORELEASING = YES;
				CLANG_WARN_BOOL_CONVERSION = YES;
				CLANG_WARN_COMMA = YES;
				CLANG_WARN_CONSTANT_CONVERSION = YES;
				CLANG_WARN_DEPRECATED_OBJC_IMPLEMENTATIONS = YES;
				CLANG_WARN_DIRECT_OBJC_ISA_USAGE = YES_ERROR;
				CLANG_WARN_DOCUMENTATION_COMMENTS = YES;
				CLANG_WARN_EMPTY_BODY = YES;
				CLANG_WARN_ENUM_CONVERSION = YES;
				CLANG_WARN_INFINITE_RECURSION = YES;
				CLANG_WARN_INT_CONVERSION = YES;
				CLANG_WARN_NON_LITERAL_NULL_CONVERSION = YES;
				CLANG_WARN_OBJC_IMPLICIT_RETAIN_SELF = YES;
				CLANG_WARN_OBJC_LITERAL_CONVERSION = YES;
				CLANG_WARN_OBJC_ROOT_CLASS = YES_ERROR;
				CLANG_WARN_QUOTED_INCLUDE_IN_FRAMEWORK_HEADER = YES;
				CLANG_WARN_RANGE_LOOP_ANALYSIS = YES;
				CLANG_WARN_STRICT_PROTOTYPES = YES;
				CLANG_WARN_SUSPICIOUS_MOVE = YES;
				CLANG_WARN_UNGUARDED_AVAILABILITY = YES_AGGRESSIVE;
				CLANG_WARN_UNREACHABLE_CODE = YES;
				CLANG_WARN__DUPLICATE_METHOD_MATCH = YES;
				COPY_PHASE_STRIP = NO;
				DEBUG_INFORMATION_FORMAT = "dwarf-with-dsym";
				ENABLE_NS_ASSERTIONS = NO;
				ENABLE_STRICT_OBJC_MSGSEND = YES;
				ENABLE_USER_SCRIPT_SANDBOXING = YES;
				GCC_C_LANGUAGE_STANDARD = gnu17;
				GCC_NO_COMMON_BLOCKS = YES;
				GCC_WARN_64_TO_32_BIT_CONVERSION = YES;
				GCC_WARN_ABOUT_RETURN_TYPE = YES_ERROR;
				GCC_WARN_UNDECLARED_SELECTOR = YES;
				GCC_WARN_UNINITIALIZED_AUTOS = YES_AGGRESSIVE;
				GCC_WARN_UNUSED_FUNCTION = YES;
				GCC_WARN_UNUSED_VARIABLE = YES;
				IPHONEOS_DEPLOYMENT_TARGET = 17.5;
				LOCALIZATION_PREFERS_STRING_CATALOGS = YES;
				MTL_ENABLE_DEBUG_INFO = NO;
				MTL_FAST_MATH = YES;
				SDKROOT = iphoneos;
				SWIFT_COMPILATION_MODE = wholemodule;
				VALIDATE_PRODUCT = YES;
			};
			name = Release;
		};
		571D39072C57A69800CA22E4 /* Debug */ = {
			isa = XCBuildConfiguration;
			buildSettings = {
				ALWAYS_EMBED_SWIFT_STANDARD_LIBRARIES = YES;
				ASSETCATALOG_COMPILER_APPICON_NAME = AppIcon;
				ASSETCATALOG_COMPILER_GLOBAL_ACCENT_COLOR_NAME = AccentColor;
				CODE_SIGN_STYLE = Automatic;
				CURRENT_PROJECT_VERSION = 1;
				DEVELOPMENT_ASSET_PATHS = "\"5GERS/Preview Content\"";
				DEVELOPMENT_TEAM = 5DFZR8RCQR;
				ENABLE_PREVIEWS = YES;
				GENERATE_INFOPLIST_FILE = YES;
				INFOPLIST_FILE = "5GERS/App/-GERS-Info.plist";
				INFOPLIST_KEY_CFBundleDisplayName = "지금당장";
				INFOPLIST_KEY_NSSupportsLiveActivities = YES;
				INFOPLIST_KEY_UIApplicationSceneManifest_Generation = YES;
				INFOPLIST_KEY_UIApplicationSupportsIndirectInputEvents = YES;
				INFOPLIST_KEY_UILaunchScreen_Generation = YES;
				INFOPLIST_KEY_UISupportedInterfaceOrientations = UIInterfaceOrientationPortrait;
				INFOPLIST_KEY_UISupportedInterfaceOrientations_iPad = "UIInterfaceOrientationLandscapeLeft UIInterfaceOrientationLandscapeRight UIInterfaceOrientationPortrait UIInterfaceOrientationPortraitUpsideDown";
				IPHONEOS_DEPLOYMENT_TARGET = 17.0;
				LD_RUNPATH_SEARCH_PATHS = (
					"$(inherited)",
					"@executable_path/Frameworks",
				);
				MARKETING_VERSION = 1.0;
				PRODUCT_BUNDLE_IDENTIFIER = "com.mc3.academy.developer.ios.apple.-GERS";
				PRODUCT_NAME = "$(TARGET_NAME)";
				SUPPORTED_PLATFORMS = "iphoneos iphonesimulator";
				SUPPORTS_MACCATALYST = NO;
				SUPPORTS_MAC_DESIGNED_FOR_IPHONE_IPAD = NO;
				SUPPORTS_XR_DESIGNED_FOR_IPHONE_IPAD = NO;
				SWIFT_EMIT_LOC_STRINGS = YES;
				SWIFT_VERSION = 5.0;
				TARGETED_DEVICE_FAMILY = 1;
			};
			name = Debug;
		};
		571D39082C57A69800CA22E4 /* Release */ = {
			isa = XCBuildConfiguration;
			buildSettings = {
				ALWAYS_EMBED_SWIFT_STANDARD_LIBRARIES = YES;
				ASSETCATALOG_COMPILER_APPICON_NAME = AppIcon;
				ASSETCATALOG_COMPILER_GLOBAL_ACCENT_COLOR_NAME = AccentColor;
				CODE_SIGN_STYLE = Automatic;
				CURRENT_PROJECT_VERSION = 1;
				DEVELOPMENT_ASSET_PATHS = "\"5GERS/Preview Content\"";
				DEVELOPMENT_TEAM = 5DFZR8RCQR;
				ENABLE_PREVIEWS = YES;
				GENERATE_INFOPLIST_FILE = YES;
				INFOPLIST_FILE = "5GERS/App/-GERS-Info.plist";
				INFOPLIST_KEY_CFBundleDisplayName = "지금당장";
				INFOPLIST_KEY_NSSupportsLiveActivities = YES;
				INFOPLIST_KEY_UIApplicationSceneManifest_Generation = YES;
				INFOPLIST_KEY_UIApplicationSupportsIndirectInputEvents = YES;
				INFOPLIST_KEY_UILaunchScreen_Generation = YES;
				INFOPLIST_KEY_UISupportedInterfaceOrientations = UIInterfaceOrientationPortrait;
				INFOPLIST_KEY_UISupportedInterfaceOrientations_iPad = "UIInterfaceOrientationLandscapeLeft UIInterfaceOrientationLandscapeRight UIInterfaceOrientationPortrait UIInterfaceOrientationPortraitUpsideDown";
				IPHONEOS_DEPLOYMENT_TARGET = 17.0;
				LD_RUNPATH_SEARCH_PATHS = (
					"$(inherited)",
					"@executable_path/Frameworks",
				);
				MARKETING_VERSION = 1.0;
				PRODUCT_BUNDLE_IDENTIFIER = "com.mc3.academy.developer.ios.apple.-GERS";
				PRODUCT_NAME = "$(TARGET_NAME)";
				SUPPORTED_PLATFORMS = "iphoneos iphonesimulator";
				SUPPORTS_MACCATALYST = NO;
				SUPPORTS_MAC_DESIGNED_FOR_IPHONE_IPAD = NO;
				SUPPORTS_XR_DESIGNED_FOR_IPHONE_IPAD = NO;
				SWIFT_EMIT_LOC_STRINGS = YES;
				SWIFT_VERSION = 5.0;
				TARGETED_DEVICE_FAMILY = 1;
			};
			name = Release;
		};
		577773472C57ADE1002D7370 /* Debug */ = {
			isa = XCBuildConfiguration;
			buildSettings = {
				ASSETCATALOG_COMPILER_GLOBAL_ACCENT_COLOR_NAME = AccentColor;
				ASSETCATALOG_COMPILER_WIDGET_BACKGROUND_COLOR_NAME = WidgetBackground;
				CODE_SIGN_STYLE = Automatic;
				CURRENT_PROJECT_VERSION = 1;
				DEVELOPMENT_TEAM = 5DFZR8RCQR;
				GENERATE_INFOPLIST_FILE = YES;
				INFOPLIST_FILE = LiveActivityWidget/Info.plist;
				INFOPLIST_KEY_CFBundleDisplayName = LiveActivityWidget;
				INFOPLIST_KEY_NSHumanReadableCopyright = "";
				LD_RUNPATH_SEARCH_PATHS = (
					"$(inherited)",
					"@executable_path/Frameworks",
					"@executable_path/../../Frameworks",
				);
				MARKETING_VERSION = 1.0;
				PRODUCT_BUNDLE_IDENTIFIER = "com.mc3.academy.developer.ios.apple.-GERS.LiveActivityWidget";
				PRODUCT_NAME = "$(TARGET_NAME)";
				SKIP_INSTALL = YES;
				SWIFT_EMIT_LOC_STRINGS = YES;
				SWIFT_VERSION = 5.0;
				TARGETED_DEVICE_FAMILY = "1,2";
			};
			name = Debug;
		};
		577773482C57ADE1002D7370 /* Release */ = {
			isa = XCBuildConfiguration;
			buildSettings = {
				ASSETCATALOG_COMPILER_GLOBAL_ACCENT_COLOR_NAME = AccentColor;
				ASSETCATALOG_COMPILER_WIDGET_BACKGROUND_COLOR_NAME = WidgetBackground;
				CODE_SIGN_STYLE = Automatic;
				CURRENT_PROJECT_VERSION = 1;
				DEVELOPMENT_TEAM = 5DFZR8RCQR;
				GENERATE_INFOPLIST_FILE = YES;
				INFOPLIST_FILE = LiveActivityWidget/Info.plist;
				INFOPLIST_KEY_CFBundleDisplayName = LiveActivityWidget;
				INFOPLIST_KEY_NSHumanReadableCopyright = "";
				LD_RUNPATH_SEARCH_PATHS = (
					"$(inherited)",
					"@executable_path/Frameworks",
					"@executable_path/../../Frameworks",
				);
				MARKETING_VERSION = 1.0;
				PRODUCT_BUNDLE_IDENTIFIER = "com.mc3.academy.developer.ios.apple.-GERS.LiveActivityWidget";
				PRODUCT_NAME = "$(TARGET_NAME)";
				SKIP_INSTALL = YES;
				SWIFT_EMIT_LOC_STRINGS = YES;
				SWIFT_VERSION = 5.0;
				TARGETED_DEVICE_FAMILY = "1,2";
			};
			name = Release;
		};
/* End XCBuildConfiguration section */

/* Begin XCConfigurationList section */
		571D38F32C57A69600CA22E4 /* Build configuration list for PBXProject "5GERS" */ = {
			isa = XCConfigurationList;
			buildConfigurations = (
				571D39042C57A69800CA22E4 /* Debug */,
				571D39052C57A69800CA22E4 /* Release */,
			);
			defaultConfigurationIsVisible = 0;
			defaultConfigurationName = Release;
		};
		571D39062C57A69800CA22E4 /* Build configuration list for PBXNativeTarget "5GERS" */ = {
			isa = XCConfigurationList;
			buildConfigurations = (
				571D39072C57A69800CA22E4 /* Debug */,
				571D39082C57A69800CA22E4 /* Release */,
			);
			defaultConfigurationIsVisible = 0;
			defaultConfigurationName = Release;
		};
		577773462C57ADE1002D7370 /* Build configuration list for PBXNativeTarget "LiveActivityWidgetExtension" */ = {
			isa = XCConfigurationList;
			buildConfigurations = (
				577773472C57ADE1002D7370 /* Debug */,
				577773482C57ADE1002D7370 /* Release */,
			);
			defaultConfigurationIsVisible = 0;
			defaultConfigurationName = Release;
		};
/* End XCConfigurationList section */
	};
	rootObject = 571D38F02C57A69600CA22E4 /* Project object */;
}
